
Microsoft Visual Studio Solution File, Format Version 12.00
# Visual Studio 14
VisualStudioVersion = 14.0.23107.0
MinimumVisualStudioVersion = 10.0.40219.1
Project("{FAE04EC0-301F-11D3-BF4B-00C04F79EFBC}") = "BattleshipsAI", "BattleshipsAI\BattleshipsAI.csproj", "{F66131B6-92D3-4087-8C74-B30D5BD48F75}"
EndProject
Project("{FAE04EC0-301F-11D3-BF4B-00C04F79EFBC}") = "BattleshipsServer", "BattleshipsServer\BattleshipsServer.csproj", "{A618E438-872B-4920-A97B-99C28095BBCE}"
EndProject
Global
	GlobalSection(SolutionConfigurationPlatforms) = preSolution
		Debug|Any CPU = Debug|Any CPU
		Release|Any CPU = Release|Any CPU
	EndGlobalSection
	GlobalSection(ProjectConfigurationPlatforms) = postSolution
		{F66131B6-92D3-4087-8C74-B30D5BD48F75}.Debug|Any CPU.ActiveCfg = Debug|Any CPU
		{F66131B6-92D3-4087-8C74-B30D5BD48F75}.Debug|Any CPU.Build.0 = Debug|Any CPU
		{F66131B6-92D3-4087-8C74-B30D5BD48F75}.Release|Any CPU.ActiveCfg = Release|Any CPU
		{F66131B6-92D3-4087-8C74-B30D5BD48F75}.Release|Any CPU.Build.0 = Release|Any CPU
		{A618E438-872B-4920-A97B-99C28095BBCE}.Debug|Any CPU.ActiveCfg = Debug|Any CPU
		{A618E438-872B-4920-A97B-99C28095BBCE}.Debug|Any CPU.Build.0 = Debug|Any CPU
		{A618E438-872B-4920-A97B-99C28095BBCE}.Release|Any CPU.ActiveCfg = Release|Any CPU
		{A618E438-872B-4920-A97B-99C28095BBCE}.Release|Any CPU.Build.0 = Release|Any CPU
	EndGlobalSection
	GlobalSection(SolutionProperties) = preSolution
		HideSolutionNode = FALSE
	EndGlobalSection
EndGlobal
